
Microsoft Visual Studio Solution File, Format Version 12.00
# Visual Studio Version 17
VisualStudioVersion = 17.14.36221.1 d17.14
MinimumVisualStudioVersion = 10.0.40219.1
Project("{FAE04EC0-301F-11D3-BF4B-00C04F79EFBC}") = "InternationalSchoolAdministrator_API", "InternationalSchoolAdministrator_API\InternationalSchoolAdministrator_API.csproj", "{22F834A6-1A24-40FB-B8C5-602CE77FF0B8}"
EndProject
Global
	GlobalSection(SolutionConfigurationPlatforms) = preSolution
		Debug|Any CPU = Debug|Any CPU
		Release|Any CPU = Release|Any CPU
	EndGlobalSection
	GlobalSection(ProjectConfigurationPlatforms) = postSolution
		{22F834A6-1A24-40FB-B8C5-602CE77FF0B8}.Debug|Any CPU.ActiveCfg = Debug|Any CPU
		{22F834A6-1A24-40FB-B8C5-602CE77FF0B8}.Debug|Any CPU.Build.0 = Debug|Any CPU
		{22F834A6-1A24-40FB-B8C5-602CE77FF0B8}.Release|Any CPU.ActiveCfg = Release|Any CPU
		{22F834A6-1A24-40FB-B8C5-602CE77FF0B8}.Release|Any CPU.Build.0 = Release|Any CPU
	EndGlobalSection
	GlobalSection(SolutionProperties) = preSolution
		HideSolutionNode = FALSE
	EndGlobalSection
	GlobalSection(ExtensibilityGlobals) = postSolution
		SolutionGuid = {B4D43DDB-30CD-4AD9-BCCE-8480377C7225}
	EndGlobalSection
EndGlobal
